
Microsoft Visual Studio Solution File, Format Version 12.00
# Visual Studio 15
VisualStudioVersion = 15.0.27428.2037
MinimumVisualStudioVersion = 10.0.40219.1
Project("{E24C65DC-7377-472B-9ABA-BC803B73C61A}") = "UserCreationWeb", "UserCreationWeb\", "{C13EA329-960A-4ED8-882C-CD8104966B1C}"
	ProjectSection(WebsiteProperties) = preProject
		TargetFrameworkMoniker = ".NETFramework,Version%3Dv4.6.1"
		Debug.AspNetCompiler.VirtualPath = "/localhost_51257"
		Debug.AspNetCompiler.PhysicalPath = "UserCreationWeb\"
		Debug.AspNetCompiler.TargetPath = "PrecompiledWeb\localhost_51257\"
		Debug.AspNetCompiler.Updateable = "true"
		Debug.AspNetCompiler.ForceOverwrite = "true"
		Debug.AspNetCompiler.FixedNames = "false"
		Debug.AspNetCompiler.Debug = "True"
		Release.AspNetCompiler.VirtualPath = "/localhost_51257"
		Release.AspNetCompiler.PhysicalPath = "UserCreationWeb\"
		Release.AspNetCompiler.TargetPath = "PrecompiledWeb\localhost_51257\"
		Release.AspNetCompiler.Updateable = "true"
		Release.AspNetCompiler.ForceOverwrite = "true"
		Release.AspNetCompiler.FixedNames = "false"
		Release.AspNetCompiler.Debug = "False"
		VWDPort = "51257"
		SlnRelativePath = "UserCreationWeb\"
		DefaultWebSiteLanguage = "Visual C#"
	EndProjectSection
EndProject
Global
	GlobalSection(SolutionConfigurationPlatforms) = preSolution
		Debug|Any CPU = Debug|Any CPU
	EndGlobalSection
	GlobalSection(ProjectConfigurationPlatforms) = postSolution
		{C13EA329-960A-4ED8-882C-CD8104966B1C}.Debug|Any CPU.ActiveCfg = Debug|Any CPU
		{C13EA329-960A-4ED8-882C-CD8104966B1C}.Debug|Any CPU.Build.0 = Debug|Any CPU
	EndGlobalSection
	GlobalSection(SolutionProperties) = preSolution
		HideSolutionNode = FALSE
	EndGlobalSection
	GlobalSection(ExtensibilityGlobals) = postSolution
		SolutionGuid = {EB3E9AD4-EA2B-4995-BA5C-8C2F45B05F89}
	EndGlobalSection
EndGlobal
